// !$*UTF8*$!
{
	archiveVersion = 1;
	classes = {
	};
	objectVersion = 50;
	objects = {

/* Begin PBXBuildFile section */
		185E1748237551EF005016AA /* AppDelegate.swift in Sources */ = {isa = PBXBuildFile; fileRef = 185E1747237551EF005016AA /* AppDelegate.swift */; };
		185E174A237551EF005016AA /* ViewController.swift in Sources */ = {isa = PBXBuildFile; fileRef = 185E1749237551EF005016AA /* ViewController.swift */; };
		185E174D237551EF005016AA /* Main.storyboard in Resources */ = {isa = PBXBuildFile; fileRef = 185E174B237551EF005016AA /* Main.storyboard */; };
		185E174F237551EF005016AA /* Assets.xcassets in Resources */ = {isa = PBXBuildFile; fileRef = 185E174E237551EF005016AA /* Assets.xcassets */; };
		185E1752237551EF005016AA /* LaunchScreen.storyboard in Resources */ = {isa = PBXBuildFile; fileRef = 185E1750237551EF005016AA /* LaunchScreen.storyboard */; };
		185E175D237551EF005016AA /* DemoTrafficLightTests.swift in Sources */ = {isa = PBXBuildFile; fileRef = 185E175C237551EF005016AA /* DemoTrafficLightTests.swift */; };
		185E1768237551EF005016AA /* DemoTrafficLightUITests.swift in Sources */ = {isa = PBXBuildFile; fileRef = 185E1767237551EF005016AA /* DemoTrafficLightUITests.swift */; };
/* End PBXBuildFile section */

/* Begin PBXContainerItemProxy section */
		185E1759237551EF005016AA /* PBXContainerItemProxy */ = {
			isa = PBXContainerItemProxy;
			containerPortal = 185E173C237551EF005016AA /* Project object */;
			proxyType = 1;
			remoteGlobalIDString = 185E1743237551EF005016AA;
			remoteInfo = DemoTrafficLight;
		};
		185E1764237551EF005016AA /* PBXContainerItemProxy */ = {
			isa = PBXContainerItemProxy;
			containerPortal = 185E173C237551EF005016AA /* Project object */;
			proxyType = 1;
			remoteGlobalIDString = 185E1743237551EF005016AA;
			remoteInfo = DemoTrafficLight;
		};
/* End PBXContainerItemProxy section */

/* Begin PBXFileReference section */
		185E1744237551EF005016AA /* DemoTrafficLight.app */ = {isa = PBXFileReference; explicitFileType = wrapper.application; includeInIndex = 0; path = DemoTrafficLight.app; sourceTree = BUILT_PRODUCTS_DIR; };
		185E1747237551EF005016AA /* AppDelegate.swift */ = {isa = PBXFileReference; lastKnownFileType = sourcecode.swift; path = AppDelegate.swift; sourceTree = "<group>"; };
		185E1749237551EF005016AA /* ViewController.swift */ = {isa = PBXFileReference; lastKnownFileType = sourcecode.swift; path = ViewController.swift; sourceTree = "<group>"; };
		185E174C237551EF005016AA /* Base */ = {isa = PBXFileReference; lastKnownFileType = file.storyboard; name = Base; path = Base.lproj/Main.storyboard; sourceTree = "<group>"; };
		185E174E237551EF005016AA /* Assets.xcassets */ = {isa = PBXFileReference; lastKnownFileType = folder.assetcatalog; path = Assets.xcassets; sourceTree = "<group>"; };
		185E1751237551EF005016AA /* Base */ = {isa = PBXFileReference; lastKnownFileType = file.storyboard; name = Base; path = Base.lproj/LaunchScreen.storyboard; sourceTree = "<group>"; };
		185E1753237551EF005016AA /* Info.plist */ = {isa = PBXFileReference; lastKnownFileType = text.plist.xml; path = Info.plist; sourceTree = "<group>"; };
		185E1758237551EF005016AA /* DemoTrafficLightTests.xctest */ = {isa = PBXFileReference; explicitFileType = wrapper.cfbundle; includeInIndex = 0; path = DemoTrafficLightTests.xctest; sourceTree = BUILT_PRODUCTS_DIR; };
		185E175C237551EF005016AA /* DemoTrafficLightTests.swift */ = {isa = PBXFileReference; lastKnownFileType = sourcecode.swift; path = DemoTrafficLightTests.swift; sourceTree = "<group>"; };
		185E175E237551EF005016AA /* Info.plist */ = {isa = PBXFileReference; lastKnownFileType = text.plist.xml; path = Info.plist; sourceTree = "<group>"; };
		185E1763237551EF005016AA /* DemoTrafficLightUITests.xctest */ = {isa = PBXFileReference; explicitFileType = wrapper.cfbundle; includeInIndex = 0; path = DemoTrafficLightUITests.xctest; sourceTree = BUILT_PRODUCTS_DIR; };
		185E1767237551EF005016AA /* DemoTrafficLightUITests.swift */ = {isa = PBXFileReference; lastKnownFileType = sourcecode.swift; path = DemoTrafficLightUITests.swift; sourceTree = "<group>"; };
		185E1769237551EF005016AA /* Info.plist */ = {isa = PBXFileReference; lastKnownFileType = text.plist.xml; path = Info.plist; sourceTree = "<group>"; };
/* End PBXFileReference section */

/* Begin PBXFrameworksBuildPhase section */
		185E1741237551EF005016AA /* Frameworks */ = {
			isa = PBXFrameworksBuildPhase;
			buildActionMask = 2147483647;
			files = (
			);
			runOnlyForDeploymentPostprocessing = 0;
		};
		185E1755237551EF005016AA /* Frameworks */ = {
			isa = PBXFrameworksBuildPhase;
			buildActionMask = 2147483647;
			files = (
			);
			runOnlyForDeploymentPostprocessing = 0;
		};
		185E1760237551EF005016AA /* Frameworks */ = {
			isa = PBXFrameworksBuildPhase;
			buildActionMask = 2147483647;
			files = (
			);
			runOnlyForDeploymentPostprocessing = 0;
		};
/* End PBXFrameworksBuildPhase section */

/* Begin PBXGroup section */
		185E173B237551EF005016AA = {
			isa = PBXGroup;
			children = (
				185E1746237551EF005016AA /* DemoTrafficLight */,
				185E175B237551EF005016AA /* DemoTrafficLightTests */,
				185E1766237551EF005016AA /* DemoTrafficLightUITests */,
				185E1745237551EF005016AA /* Products */,
			);
			sourceTree = "<group>";
		};
		185E1745237551EF005016AA /* Products */ = {
			isa = PBXGroup;
			children = (
				185E1744237551EF005016AA /* DemoTrafficLight.app */,
				185E1758237551EF005016AA /* DemoTrafficLightTests.xctest */,
				185E1763237551EF005016AA /* DemoTrafficLightUITests.xctest */,
			);
			name = Products;
			sourceTree = "<group>";
		};
		185E1746237551EF005016AA /* DemoTrafficLight */ = {
			isa = PBXGroup;
			children = (
				185E1747237551EF005016AA /* AppDelegate.swift */,
				185E1749237551EF005016AA /* ViewController.swift */,
				185E174B237551EF005016AA /* Main.storyboard */,
				185E174E237551EF005016AA /* Assets.xcassets */,
				185E1750237551EF005016AA /* LaunchScreen.storyboard */,
				185E1753237551EF005016AA /* Info.plist */,
			);
			path = DemoTrafficLight;
			sourceTree = "<group>";
		};
		185E175B237551EF005016AA /* DemoTrafficLightTests */ = {
			isa = PBXGroup;
			children = (
				185E175C237551EF005016AA /* DemoTrafficLightTests.swift */,
				185E175E237551EF005016AA /* Info.plist */,
			);
			path = DemoTrafficLightTests;
			sourceTree = "<group>";
		};
		185E1766237551EF005016AA /* DemoTrafficLightUITests */ = {
			isa = PBXGroup;
			children = (
				185E1767237551EF005016AA /* DemoTrafficLightUITests.swift */,
				185E1769237551EF005016AA /* Info.plist */,
			);
			path = DemoTrafficLightUITests;
			sourceTree = "<group>";
		};
/* End PBXGroup section */

/* Begin PBXNativeTarget section */
		185E1743237551EF005016AA /* DemoTrafficLight */ = {
			isa = PBXNativeTarget;
			buildConfigurationList = 185E176C237551EF005016AA /* Build configuration list for PBXNativeTarget "DemoTrafficLight" */;
			buildPhases = (
				185E1740237551EF005016AA /* Sources */,
				185E1741237551EF005016AA /* Frameworks */,
				185E1742237551EF005016AA /* Resources */,
			);
			buildRules = (
			);
			dependencies = (
			);
			name = DemoTrafficLight;
			productName = DemoTrafficLight;
			productReference = 185E1744237551EF005016AA /* DemoTrafficLight.app */;
			productType = "com.apple.product-type.application";
		};
		185E1757237551EF005016AA /* DemoTrafficLightTests */ = {
			isa = PBXNativeTarget;
			buildConfigurationList = 185E176F237551EF005016AA /* Build configuration list for PBXNativeTarget "DemoTrafficLightTests" */;
			buildPhases = (
				185E1754237551EF005016AA /* Sources */,
				185E1755237551EF005016AA /* Frameworks */,
				185E1756237551EF005016AA /* Resources */,
			);
			buildRules = (
			);
			dependencies = (
				185E175A237551EF005016AA /* PBXTargetDependency */,
			);
			name = DemoTrafficLightTests;
			productName = DemoTrafficLightTests;
			productReference = 185E1758237551EF005016AA /* DemoTrafficLightTests.xctest */;
			productType = "com.apple.product-type.bundle.unit-test";
		};
		185E1762237551EF005016AA /* DemoTrafficLightUITests */ = {
			isa = PBXNativeTarget;
			buildConfigurationList = 185E1772237551EF005016AA /* Build configuration list for PBXNativeTarget "DemoTrafficLightUITests" */;
			buildPhases = (
				185E175F237551EF005016AA /* Sources */,
				185E1760237551EF005016AA /* Frameworks */,
				185E1761237551EF005016AA /* Resources */,
			);
			buildRules = (
			);
			dependencies = (
				185E1765237551EF005016AA /* PBXTargetDependency */,
			);
			name = DemoTrafficLightUITests;
			productName = DemoTrafficLightUITests;
			productReference = 185E1763237551EF005016AA /* DemoTrafficLightUITests.xctest */;
			productType = "com.apple.product-type.bundle.ui-testing";
		};
/* End PBXNativeTarget section */

/* Begin PBXProject section */
		185E173C237551EF005016AA /* Project object */ = {
			isa = PBXProject;
			attributes = {
				LastSwiftUpdateCheck = 1020;
				LastUpgradeCheck = 1020;
				ORGANIZATIONNAME = vietlink;
				TargetAttributes = {
					185E1743237551EF005016AA = {
						CreatedOnToolsVersion = 10.2.1;
					};
					185E1757237551EF005016AA = {
						CreatedOnToolsVersion = 10.2.1;
						TestTargetID = 185E1743237551EF005016AA;
					};
					185E1762237551EF005016AA = {
						CreatedOnToolsVersion = 10.2.1;
						TestTargetID = 185E1743237551EF005016AA;
					};
				};
			};
			buildConfigurationList = 185E173F237551EF005016AA /* Build configuration list for PBXProject "DemoTrafficLight" */;
			compatibilityVersion = "Xcode 9.3";
			developmentRegion = en;
			hasScannedForEncodings = 0;
			knownRegions = (
				en,
				Base,
			);
			mainGroup = 185E173B237551EF005016AA;
			productRefGroup = 185E1745237551EF005016AA /* Products */;
			projectDirPath = "";
			projectRoot = "";
			targets = (
				185E1743237551EF005016AA /* DemoTrafficLight */,
				185E1757237551EF005016AA /* DemoTrafficLightTests */,
				185E1762237551EF005016AA /* DemoTrafficLightUITests */,
			);
		};
/* End PBXProject section */

/* Begin PBXResourcesBuildPhase section */
		185E1742237551EF005016AA /* Resources */ = {
			isa = PBXResourcesBuildPhase;
			buildActionMask = 2147483647;
			files = (
				185E1752237551EF005016AA /* LaunchScreen.storyboard in Resources */,
				185E174F237551EF005016AA /* Assets.xcassets in Resources */,
				185E174D237551EF005016AA /* Main.storyboard in Resources */,
			);
			runOnlyForDeploymentPostprocessing = 0;
		};
		185E1756237551EF005016AA /* Resources */ = {
			isa = PBXResourcesBuildPhase;
			buildActionMask = 2147483647;
			files = (
			);
			runOnlyForDeploymentPostprocessing = 0;
		};
		185E1761237551EF005016AA /* Resources */ = {
			isa = PBXResourcesBuildPhase;
			buildActionMask = 2147483647;
			files = (
			);
			runOnlyForDeploymentPostprocessing = 0;
		};
/* End PBXResourcesBuildPhase section */

/* Begin PBXSourcesBuildPhase section */
		185E1740237551EF005016AA /* Sources */ = {
			isa = PBXSourcesBuildPhase;
			buildActionMask = 2147483647;
			files = (
				185E174A237551EF005016AA /* ViewController.swift in Sources */,
				185E1748237551EF005016AA /* AppDelegate.swift in Sources */,
			);
			runOnlyForDeploymentPostprocessing = 0;
		};
		185E1754237551EF005016AA /* Sources */ = {
			isa = PBXSourcesBuildPhase;
			buildActionMask = 2147483647;
			files = (
				185E175D237551EF005016AA /* DemoTrafficLightTests.swift in Sources */,
			);
			runOnlyForDeploymentPostprocessing = 0;
		};
		185E175F237551EF005016AA /* Sources */ = {
			isa = PBXSourcesBuildPhase;
			buildActionMask = 2147483647;
			files = (
				185E1768237551EF005016AA /* DemoTrafficLightUITests.swift in Sources */,
			);
			runOnlyForDeploymentPostprocessing = 0;
		};
/* End PBXSourcesBuildPhase section */

/* Begin PBXTargetDependency section */
		185E175A237551EF005016AA /* PBXTargetDependency */ = {
			isa = PBXTargetDependency;
			target = 185E1743237551EF005016AA /* DemoTrafficLight */;
			targetProxy = 185E1759237551EF005016AA /* PBXContainerItemProxy */;
		};
		185E1765237551EF005016AA /* PBXTargetDependency */ = {
			isa = PBXTargetDependency;
			target = 185E1743237551EF005016AA /* DemoTrafficLight */;
			targetProxy = 185E1764237551EF005016AA /* PBXContainerItemProxy */;
		};
/* End PBXTargetDependency section */

/* Begin PBXVariantGroup section */
		185E174B237551EF005016AA /* Main.storyboard */ = {
			isa = PBXVariantGroup;
			children = (
				185E174C237551EF005016AA /* Base */,
			);
			name = Main.storyboard;
			sourceTree = "<group>";
		};
		185E1750237551EF005016AA /* LaunchScreen.storyboard */ = {
			isa = PBXVariantGroup;
			children = (
				185E1751237551EF005016AA /* Base */,
			);
			name = LaunchScreen.storyboard;
			sourceTree = "<group>";
		};
/* End PBXVariantGroup section */

/* Begin XCBuildConfiguration section */
		185E176A237551EF005016AA /* Debug */ = {
			isa = XCBuildConfiguration;
			buildSettings = {
				ALWAYS_SEARCH_USER_PATHS = NO;
				CLANG_ANALYZER_NONNULL = YES;
				CLANG_ANALYZER_NUMBER_OBJECT_CONVERSION = YES_AGGRESSIVE;
				CLANG_CXX_LANGUAGE_STANDARD = "gnu++14";
				CLANG_CXX_LIBRARY = "libc++";
				CLANG_ENABLE_MODULES = YES;
				CLANG_ENABLE_OBJC_ARC = YES;
				CLANG_ENABLE_OBJC_WEAK = YES;
				CLANG_WARN_BLOCK_CAPTURE_AUTORELEASING = YES;
				CLANG_WARN_BOOL_CONVERSION = YES;
				CLANG_WARN_COMMA = YES;
				CLANG_WARN_CONSTANT_CONVERSION = YES;
				CLANG_WARN_DEPRECATED_OBJC_IMPLEMENTATIONS = YES;
				CLANG_WARN_DIRECT_OBJC_ISA_USAGE = YES_ERROR;
				CLANG_WARN_DOCUMENTATION_COMMENTS = YES;
				CLANG_WARN_EMPTY_BODY = YES;
				CLANG_WARN_ENUM_CONVERSION = YES;
				CLANG_WARN_INFINITE_RECURSION = YES;
				CLANG_WARN_INT_CONVERSION = YES;
				CLANG_WARN_NON_LITERAL_NULL_CONVERSION = YES;
				CLANG_WARN_OBJC_IMPLICIT_RETAIN_SELF = YES;
				CLANG_WARN_OBJC_LITERAL_CONVERSION = YES;
				CLANG_WARN_OBJC_ROOT_CLASS = YES_ERROR;
				CLANG_WARN_RANGE_LOOP_ANALYSIS = YES;
				CLANG_WARN_STRICT_PROTOTYPES = YES;
				CLANG_WARN_SUSPICIOUS_MOVE = YES;
				CLANG_WARN_UNGUARDED_AVAILABILITY = YES_AGGRESSIVE;
				CLANG_WARN_UNREACHABLE_CODE = YES;
				CLANG_WARN__DUPLICATE_METHOD_MATCH = YES;
				CODE_SIGN_IDENTITY = "iPhone Developer";
				COPY_PHASE_STRIP = NO;
				DEBUG_INFORMATION_FORMAT = dwarf;
				ENABLE_STRICT_OBJC_MSGSEND = YES;
				ENABLE_TESTABILITY = YES;
				GCC_C_LANGUAGE_STANDARD = gnu11;
				GCC_DYNAMIC_NO_PIC = NO;
				GCC_NO_COMMON_BLOCKS = YES;
				GCC_OPTIMIZATION_LEVEL = 0;
				GCC_PREPROCESSOR_DEFINITIONS = (
					"DEBUG=1",
					"$(inherited)",
				);
				GCC_WARN_64_TO_32_BIT_CONVERSION = YES;
				GCC_WARN_ABOUT_RETURN_TYPE = YES_ERROR;
				GCC_WARN_UNDECLARED_SELECTOR = YES;
				GCC_WARN_UNINITIALIZED_AUTOS = YES_AGGRESSIVE;
				GCC_WARN_UNUSED_FUNCTION = YES;
				GCC_WARN_UNUSED_VARIABLE = YES;
				IPHONEOS_DEPLOYMENT_TARGET = 12.2;
				MTL_ENABLE_DEBUG_INFO = INCLUDE_SOURCE;
				MTL_FAST_MATH = YES;
				ONLY_ACTIVE_ARCH = YES;
				SDKROOT = iphoneos;
				SWIFT_ACTIVE_COMPILATION_CONDITIONS = DEBUG;
				SWIFT_OPTIMIZATION_LEVEL = "-Onone";
			};
			name = Debug;
		};
		185E176B237551EF005016AA /* Release */ = {
			isa = XCBuildConfiguration;
			buildSettings = {
				ALWAYS_SEARCH_USER_PATHS = NO;
				CLANG_ANALYZER_NONNULL = YES;
				CLANG_ANALYZER_NUMBER_OBJECT_CONVERSION = YES_AGGRESSIVE;
				CLANG_CXX_LANGUAGE_STANDARD = "gnu++14";
				CLANG_CXX_LIBRARY = "libc++";
				CLANG_ENABLE_MODULES = YES;
				CLANG_ENABLE_OBJC_ARC = YES;
				CLANG_ENABLE_OBJC_WEAK = YES;
				CLANG_WARN_BLOCK_CAPTURE_AUTORELEASING = YES;
				CLANG_WARN_BOOL_CONVERSION = YES;
				CLANG_WARN_COMMA = YES;
				CLANG_WARN_CONSTANT_CONVERSION = YES;
				CLANG_WARN_DEPRECATED_OBJC_IMPLEMENTATIONS = YES;
				CLANG_WARN_DIRECT_OBJC_ISA_USAGE = YES_ERROR;
				CLANG_WARN_DOCUMENTATION_COMMENTS = YES;
				CLANG_WARN_EMPTY_BODY = YES;
				CLANG_WARN_ENUM_CONVERSION = YES;
				CLANG_WARN_INFINITE_RECURSION = YES;
				CLANG_WARN_INT_CONVERSION = YES;
				CLANG_WARN_NON_LITERAL_NULL_CONVERSION = YES;
				CLANG_WARN_OBJC_IMPLICIT_RETAIN_SELF = YES;
				CLANG_WARN_OBJC_LITERAL_CONVERSION = YES;
				CLANG_WARN_OBJC_ROOT_CLASS = YES_ERROR;
				CLANG_WARN_RANGE_LOOP_ANALYSIS = YES;
				CLANG_WARN_STRICT_PROTOTYPES = YES;
				CLANG_WARN_SUSPICIOUS_MOVE = YES;
				CLANG_WARN_UNGUARDED_AVAILABILITY = YES_AGGRESSIVE;
				CLANG_WARN_UNREACHABLE_CODE = YES;
				CLANG_WARN__DUPLICATE_METHOD_MATCH = YES;
				CODE_SIGN_IDENTITY = "iPhone Developer";
				COPY_PHASE_STRIP = NO;
				DEBUG_INFORMATION_FORMAT = "dwarf-with-dsym";
				ENABLE_NS_ASSERTIONS = NO;
				ENABLE_STRICT_OBJC_MSGSEND = YES;
				GCC_C_LANGUAGE_STANDARD = gnu11;
				GCC_NO_COMMON_BLOCKS = YES;
				GCC_WARN_64_TO_32_BIT_CONVERSION = YES;
				GCC_WARN_ABOUT_RETURN_TYPE = YES_ERROR;
				GCC_WARN_UNDECLARED_SELECTOR = YES;
				GCC_WARN_UNINITIALIZED_AUTOS = YES_AGGRESSIVE;
				GCC_WARN_UNUSED_FUNCTION = YES;
				GCC_WARN_UNUSED_VARIABLE = YES;
				IPHONEOS_DEPLOYMENT_TARGET = 12.2;
				MTL_ENABLE_DEBUG_INFO = NO;
				MTL_FAST_MATH = YES;
				SDKROOT = iphoneos;
				SWIFT_COMPILATION_MODE = wholemodule;
				SWIFT_OPTIMIZATION_LEVEL = "-O";
				VALIDATE_PRODUCT = YES;
			};
			name = Release;
		};
		185E176D237551EF005016AA /* Debug */ = {
			isa = XCBuildConfiguration;
			buildSettings = {
				ASSETCATALOG_COMPILER_APPICON_NAME = AppIcon;
				CODE_SIGN_STYLE = Manual;
				DEVELOPMENT_TEAM = 2Z4XQY4AYM;
				INFOPLIST_FILE = DemoTrafficLight/Info.plist;
				LD_RUNPATH_SEARCH_PATHS = (
					"$(inherited)",
					"@executable_path/Frameworks",
				);
				PRODUCT_BUNDLE_IDENTIFIER = vietlink.ads.DemoTrafficLight;
				PRODUCT_NAME = "$(TARGET_NAME)";
				PROVISIONING_PROFILE_SPECIFIER = dev_public;
				SWIFT_VERSION = 5.0;
				TARGETED_DEVICE_FAMILY = "1,2";
			};
			name = Debug;
		};
		185E176E237551EF005016AA /* Release */ = {
			isa = XCBuildConfiguration;
			buildSettings = {
				ASSETCATALOG_COMPILER_APPICON_NAME = AppIcon;
				CODE_SIGN_STYLE = Manual;
				DEVELOPMENT_TEAM = 2Z4XQY4AYM;
				INFOPLIST_FILE = DemoTrafficLight/Info.plist;
				LD_RUNPATH_SEARCH_PATHS = (
					"$(inherited)",
					"@executable_path/Frameworks",
				);
				PRODUCT_BUNDLE_IDENTIFIER = vietlink.ads.DemoTrafficLight;
				PRODUCT_NAME = "$(TARGET_NAME)";
				PROVISIONING_PROFILE_SPECIFIER = dev_public;
				SWIFT_VERSION = 5.0;
				TARGETED_DEVICE_FAMILY = "1,2";
			};
			name = Release;
		};
		185E1770237551EF005016AA /* Debug */ = {
			isa = XCBuildConfiguration;
			buildSettings = {
				ALWAYS_EMBED_SWIFT_STANDARD_LIBRARIES = YES;
				BUNDLE_LOADER = "$(TEST_HOST)";
				CODE_SIGN_STYLE = Automatic;
				DEVELOPMENT_TEAM = 2Z4XQY4AYM;
				INFOPLIST_FILE = DemoTrafficLightTests/Info.plist;
				LD_RUNPATH_SEARCH_PATHS = (
					"$(inherited)",
					"@executable_path/Frameworks",
					"@loader_path/Frameworks",
				);
				PRODUCT_BUNDLE_IDENTIFIER = vietlink.ads.DemoTrafficLightTests;
				PRODUCT_NAME = "$(TARGET_NAME)";
				SWIFT_VERSION = 5.0;
				TARGETED_DEVICE_FAMILY = "1,2";
				TEST_HOST = "$(BUILT_PRODUCTS_DIR)/DemoTrafficLight.app/DemoTrafficLight";
			};
			name = Debug;
		};
		185E1771237551EF005016AA /* Release */ = {
			isa = XCBuildConfiguration;
			buildSettings = {
				ALWAYS_EMBED_SWIFT_STANDARD_LIBRARIES = YES;
				BUNDLE_LOADER = "$(TEST_HOST)";
				CODE_SIGN_STYLE = Automatic;
				DEVELOPMENT_TEAM = 2Z4XQY4AYM;
				INFOPLIST_FILE = DemoTrafficLightTests/Info.plist;
				LD_RUNPATH_SEARCH_PATHS = (
					"$(inherited)",
					"@executable_path/Frameworks",
					"@loader_path/Frameworks",
				);
				PRODUCT_BUNDLE_IDENTIFIER = vietlink.ads.DemoTrafficLightTests;
				PRODUCT_NAME = "$(TARGET_NAME)";
				SWIFT_VERSION = 5.0;
				TARGETED_DEVICE_FAMILY = "1,2";
				TEST_HOST = "$(BUILT_PRODUCTS_DIR)/DemoTrafficLight.app/DemoTrafficLight";
			};
			name = Release;
		};
		185E1773237551EF005016AA /* Debug */ = {
			isa = XCBuildConfiguration;
			buildSettings = {
				ALWAYS_EMBED_SWIFT_STANDARD_LIBRARIES = YES;
				CODE_SIGN_STYLE = Automatic;
				DEVELOPMENT_TEAM = 2Z4XQY4AYM;
				INFOPLIST_FILE = DemoTrafficLightUITests/Info.plist;
				LD_RUNPATH_SEARCH_PATHS = (
					"$(inherited)",
					"@executable_path/Frameworks",
					"@loader_path/Frameworks",
				);
				PRODUCT_BUNDLE_IDENTIFIER = vietlink.ads.DemoTrafficLightUITests;
				PRODUCT_NAME = "$(TARGET_NAME)";
				SWIFT_VERSION = 5.0;
				TARGETED_DEVICE_FAMILY = "1,2";
				TEST_TARGET_NAME = DemoTrafficLight;
			};
			name = Debug;
		};
		185E1774237551EF005016AA /* Release */ = {
			isa = XCBuildConfiguration;
			buildSettings = {
				ALWAYS_EMBED_SWIFT_STANDARD_LIBRARIES = YES;
				CODE_SIGN_STYLE = Automatic;
				DEVELOPMENT_TEAM = 2Z4XQY4AYM;
				INFOPLIST_FILE = DemoTrafficLightUITests/Info.plist;
				LD_RUNPATH_SEARCH_PATHS = (
					"$(inherited)",
					"@executable_path/Frameworks",
					"@loader_path/Frameworks",
				);
				PRODUCT_BUNDLE_IDENTIFIER = vietlink.ads.DemoTrafficLightUITests;
				PRODUCT_NAME = "$(TARGET_NAME)";
				SWIFT_VERSION = 5.0;
				TARGETED_DEVICE_FAMILY = "1,2";
				TEST_TARGET_NAME = DemoTrafficLight;
			};
			name = Release;
		};
/* End XCBuildConfiguration section */

/* Begin XCConfigurationList section */
		185E173F237551EF005016AA /* Build configuration list for PBXProject "DemoTrafficLight" */ = {
			isa = XCConfigurationList;
			buildConfigurations = (
				185E176A237551EF005016AA /* Debug */,
				185E176B237551EF005016AA /* Release */,
			);
			defaultConfigurationIsVisible = 0;
			defaultConfigurationName = Release;
		};
		185E176C237551EF005016AA /* Build configuration list for PBXNativeTarget "DemoTrafficLight" */ = {
			isa = XCConfigurationList;
			buildConfigurations = (
				185E176D237551EF005016AA /* Debug */,
				185E176E237551EF005016AA /* Release */,
			);
			defaultConfigurationIsVisible = 0;
			defaultConfigurationName = Release;
		};
		185E176F237551EF005016AA /* Build configuration list for PBXNativeTarget "DemoTrafficLightTests" */ = {
			isa = XCConfigurationList;
			buildConfigurations = (
				185E1770237551EF005016AA /* Debug */,
				185E1771237551EF005016AA /* Release */,
			);
			defaultConfigurationIsVisible = 0;
			defaultConfigurationName = Release;
		};
		185E1772237551EF005016AA /* Build configuration list for PBXNativeTarget "DemoTrafficLightUITests" */ = {
			isa = XCConfigurationList;
			buildConfigurations = (
				185E1773237551EF005016AA /* Debug */,
				185E1774237551EF005016AA /* Release */,
			);
			defaultConfigurationIsVisible = 0;
			defaultConfigurationName = Release;
		};
/* End XCConfigurationList section */
	};
	rootObject = 185E173C237551EF005016AA /* Project object */;
}
